
Microsoft Visual Studio Solution File, Format Version 12.00
# Visual Studio Version 17
VisualStudioVersion = 17.11.35312.102
MinimumVisualStudioVersion = 10.0.40219.1
Project("{FAE04EC0-301F-11D3-BF4B-00C04F79EFBC}") = "AmitSubmitingProject", "AmitSubmitingProject.csproj", "{B519F006-41F1-4D6D-9FBA-82AB0A994243}"
EndProject
Global
	GlobalSection(SolutionConfigurationPlatforms) = preSolution
		Debug|Any CPU = Debug|Any CPU
		Release|Any CPU = Release|Any CPU
	EndGlobalSection
	GlobalSection(ProjectConfigurationPlatforms) = postSolution
		{B519F006-41F1-4D6D-9FBA-82AB0A994243}.Debug|Any CPU.ActiveCfg = Debug|Any CPU
		{B519F006-41F1-4D6D-9FBA-82AB0A994243}.Debug|Any CPU.Build.0 = Debug|Any CPU
		{B519F006-41F1-4D6D-9FBA-82AB0A994243}.Release|Any CPU.ActiveCfg = Release|Any CPU
		{B519F006-41F1-4D6D-9FBA-82AB0A994243}.Release|Any CPU.Build.0 = Release|Any CPU
	EndGlobalSection
	GlobalSection(SolutionProperties) = preSolution
		HideSolutionNode = FALSE
	EndGlobalSection
	GlobalSection(ExtensibilityGlobals) = postSolution
		SolutionGuid = {FD5B5CFE-0F91-4DA4-B623-F51A4B41FA29}
	EndGlobalSection
EndGlobal
